
Microsoft Visual Studio Solution File, Format Version 12.00
# Visual Studio Version 17
VisualStudioVersion = 17.0.31903.59
MinimumVisualStudioVersion = 10.0.40219.1
Project("{2150E333-8FDC-42A3-9474-1A3956D46DE8}") = "src", "src", "{9A72831C-5135-4891-8BF5-CE00DBEAE893}"
EndProject
Project("{FAE04EC0-301F-11D3-BF4B-00C04F79EFBC}") = "Generator", "src\Generator\Generator.csproj", "{73A07462-2AC1-4714-BB03-F8417F7B87B7}"
EndProject
Project("{FAE04EC0-301F-11D3-BF4B-00C04F79EFBC}") = "Data", "src\Data\Data.csproj", "{BF4CA8B0-EDD4-4505-A3B0-EDD57C04C93B}"
EndProject
Global
	GlobalSection(SolutionConfigurationPlatforms) = preSolution
		Debug|Any CPU = Debug|Any CPU
		Release|Any CPU = Release|Any CPU
	EndGlobalSection
	GlobalSection(SolutionProperties) = preSolution
		HideSolutionNode = FALSE
	EndGlobalSection
	GlobalSection(ProjectConfigurationPlatforms) = postSolution
		{73A07462-2AC1-4714-BB03-F8417F7B87B7}.Debug|Any CPU.ActiveCfg = Debug|Any CPU
		{73A07462-2AC1-4714-BB03-F8417F7B87B7}.Debug|Any CPU.Build.0 = Debug|Any CPU
		{73A07462-2AC1-4714-BB03-F8417F7B87B7}.Release|Any CPU.ActiveCfg = Release|Any CPU
		{73A07462-2AC1-4714-BB03-F8417F7B87B7}.Release|Any CPU.Build.0 = Release|Any CPU
		{BF4CA8B0-EDD4-4505-A3B0-EDD57C04C93B}.Debug|Any CPU.ActiveCfg = Debug|Any CPU
		{BF4CA8B0-EDD4-4505-A3B0-EDD57C04C93B}.Debug|Any CPU.Build.0 = Debug|Any CPU
		{BF4CA8B0-EDD4-4505-A3B0-EDD57C04C93B}.Release|Any CPU.ActiveCfg = Release|Any CPU
		{BF4CA8B0-EDD4-4505-A3B0-EDD57C04C93B}.Release|Any CPU.Build.0 = Release|Any CPU
	EndGlobalSection
	GlobalSection(NestedProjects) = preSolution
		{73A07462-2AC1-4714-BB03-F8417F7B87B7} = {9A72831C-5135-4891-8BF5-CE00DBEAE893}
		{BF4CA8B0-EDD4-4505-A3B0-EDD57C04C93B} = {9A72831C-5135-4891-8BF5-CE00DBEAE893}
	EndGlobalSection
EndGlobal
